PODS:
  - LBCamera (0.1.1):
    - Masonry
  - Masonry (1.1.0)

DEPENDENCIES:
  - LBCamera (from `../`)
  - Masonry

SPEC REPOS:
  https://mirrors.tuna.tsinghua.edu.cn/git/CocoaPods/Specs.git:
    - Masonry

EXTERNAL SOURCES:
  LBCamera:
    :path: "../"

SPEC CHECKSUMS:
  LBCamera: 9e4eac41daea2499066a64f5e476eafc232760ac
  Masonry: 678fab65091a9290e40e2832a55e7ab731aad201

PODFILE CHECKSUM: 2304533d4cf74011c432345177776122600699e3

COCOAPODS: 1.7.2
